// !$*UTF8*$!
{
	archiveVersion = 1;
	classes = {
	};
	objectVersion = 50;
	objects = {

/* Begin PBXBuildFile section */
		3CCD2BFF22718F98009A2B9E /* AppDelegate.swift in Sources */ = {isa = PBXBuildFile; fileRef = 3CCD2BFE22718F98009A2B9E /* AppDelegate.swift */; };
		3CCD2C0122718F98009A2B9E /* ViewController.swift in Sources */ = {isa = PBXBuildFile; fileRef = 3CCD2C0022718F98009A2B9E /* ViewController.swift */; };
		3CCD2C0422718F98009A2B9E /* Main.storyboard in Resources */ = {isa = PBXBuildFile; fileRef = 3CCD2C0222718F98009A2B9E /* Main.storyboard */; };
		3CCD2C0622718F9A009A2B9E /* Assets.xcassets in Resources */ = {isa = PBXBuildFile; fileRef = 3CCD2C0522718F9A009A2B9E /* Assets.xcassets */; };
		3CCD2C0922718F9A009A2B9E /* LaunchScreen.storyboard in Resources */ = {isa = PBXBuildFile; fileRef = 3CCD2C0722718F9A009A2B9E /* LaunchScreen.storyboard */; };
		3CCD2C1422718F9A009A2B9E /* WorkPlayground_Swift4Tests.swift in Sources */ = {isa = PBXBuildFile; fileRef = 3CCD2C1322718F9A009A2B9E /* WorkPlayground_Swift4Tests.swift */; };
		3CCD2C1F22718F9A009A2B9E /* WorkPlayground_Swift4UITests.swift in Sources */ = {isa = PBXBuildFile; fileRef = 3CCD2C1E22718F9A009A2B9E /* WorkPlayground_Swift4UITests.swift */; };
		5DA7276256BADA439B29F479 /* Pods_WorkPlayground_Swift4Tests.framework in Frameworks */ = {isa = PBXBuildFile; fileRef = 7BB4E2FE9E0619B0F1568E8B /* Pods_WorkPlayground_Swift4Tests.framework */; };
		D75E4791AF749B420AD19237 /* Pods_WorkPlayground_Swift4UITests.framework in Frameworks */ = {isa = PBXBuildFile; fileRef = 6725BCAFADD5FE5ED859CD7D /* Pods_WorkPlayground_Swift4UITests.framework */; };
		FB45B4D8787CCE82B9FFD5C6 /* Pods_WorkPlayground_Swift4.framework in Frameworks */ = {isa = PBXBuildFile; fileRef = 650EBFC6E0C9A92C9DD86C13 /* Pods_WorkPlayground_Swift4.framework */; };
/* End PBXBuildFile section */

/* Begin PBXContainerItemProxy section */
		3CCD2C1022718F9A009A2B9E /* PBXContainerItemProxy */ = {
			isa = PBXContainerItemProxy;
			containerPortal = 3CCD2BF322718F98009A2B9E /* Project object */;
			proxyType = 1;
			remoteGlobalIDString = 3CCD2BFA22718F98009A2B9E;
			remoteInfo = "WorkPlayground-Swift4";
		};
		3CCD2C1B22718F9A009A2B9E /* PBXContainerItemProxy */ = {
			isa = PBXContainerItemProxy;
			containerPortal = 3CCD2BF322718F98009A2B9E /* Project object */;
			proxyType = 1;
			remoteGlobalIDString = 3CCD2BFA22718F98009A2B9E;
			remoteInfo = "WorkPlayground-Swift4";
		};
/* End PBXContainerItemProxy section */

/* Begin PBXFileReference section */
		212C5A3D0882265CC902B4FD /* Pods-WorkPlayground-Swift4Tests.debug.xcconfig */ = {isa = PBXFileReference; includeInIndex = 1; lastKnownFileType = text.xcconfig; name = "Pods-WorkPlayground-Swift4Tests.debug.xcconfig"; path = "Target Support Files/Pods-WorkPlayground-Swift4Tests/Pods-WorkPlayground-Swift4Tests.debug.xcconfig"; sourceTree = "<group>"; };
		361DCD1332D62B141E02E839 /* Pods-WorkPlayground-Swift4.release.xcconfig */ = {isa = PBXFileReference; includeInIndex = 1; lastKnownFileType = text.xcconfig; name = "Pods-WorkPlayground-Swift4.release.xcconfig"; path = "Target Support Files/Pods-WorkPlayground-Swift4/Pods-WorkPlayground-Swift4.release.xcconfig"; sourceTree = "<group>"; };
		3C037395C3D49F94F944C407 /* Pods-WorkPlayground-Swift4UITests.debug.xcconfig */ = {isa = PBXFileReference; includeInIndex = 1; lastKnownFileType = text.xcconfig; name = "Pods-WorkPlayground-Swift4UITests.debug.xcconfig"; path = "Target Support Files/Pods-WorkPlayground-Swift4UITests/Pods-WorkPlayground-Swift4UITests.debug.xcconfig"; sourceTree = "<group>"; };
		3CCD2BFB22718F98009A2B9E /* WorkPlayground-Swift4.app */ = {isa = PBXFileReference; explicitFileType = wrapper.application; includeInIndex = 0; path = "WorkPlayground-Swift4.app"; sourceTree = BUILT_PRODUCTS_DIR; };
		3CCD2BFE22718F98009A2B9E /* AppDelegate.swift */ = {isa = PBXFileReference; lastKnownFileType = sourcecode.swift; path = AppDelegate.swift; sourceTree = "<group>"; };
		3CCD2C0022718F98009A2B9E /* ViewController.swift */ = {isa = PBXFileReference; lastKnownFileType = sourcecode.swift; path = ViewController.swift; sourceTree = "<group>"; };
		3CCD2C0322718F98009A2B9E /* Base */ = {isa = PBXFileReference; lastKnownFileType = file.storyboard; name = Base; path = Base.lproj/Main.storyboard; sourceTree = "<group>"; };
		3CCD2C0522718F9A009A2B9E /* Assets.xcassets */ = {isa = PBXFileReference; lastKnownFileType = folder.assetcatalog; path = Assets.xcassets; sourceTree = "<group>"; };
		3CCD2C0822718F9A009A2B9E /* Base */ = {isa = PBXFileReference; lastKnownFileType = file.storyboard; name = Base; path = Base.lproj/LaunchScreen.storyboard; sourceTree = "<group>"; };
		3CCD2C0A22718F9A009A2B9E /* Info.plist */ = {isa = PBXFileReference; lastKnownFileType = text.plist.xml; path = Info.plist; sourceTree = "<group>"; };
		3CCD2C0F22718F9A009A2B9E /* WorkPlayground-Swift4Tests.xctest */ = {isa = PBXFileReference; explicitFileType = wrapper.cfbundle; includeInIndex = 0; path = "WorkPlayground-Swift4Tests.xctest"; sourceTree = BUILT_PRODUCTS_DIR; };
		3CCD2C1322718F9A009A2B9E /* WorkPlayground_Swift4Tests.swift */ = {isa = PBXFileReference; lastKnownFileType = sourcecode.swift; path = WorkPlayground_Swift4Tests.swift; sourceTree = "<group>"; };
		3CCD2C1522718F9A009A2B9E /* Info.plist */ = {isa = PBXFileReference; lastKnownFileType = text.plist.xml; path = Info.plist; sourceTree = "<group>"; };
		3CCD2C1A22718F9A009A2B9E /* WorkPlayground-Swift4UITests.xctest */ = {isa = PBXFileReference; explicitFileType = wrapper.cfbundle; includeInIndex = 0; path = "WorkPlayground-Swift4UITests.xctest"; sourceTree = BUILT_PRODUCTS_DIR; };
		3CCD2C1E22718F9A009A2B9E /* WorkPlayground_Swift4UITests.swift */ = {isa = PBXFileReference; lastKnownFileType = sourcecode.swift; path = WorkPlayground_Swift4UITests.swift; sourceTree = "<group>"; };
		3CCD2C2022718F9A009A2B9E /* Info.plist */ = {isa = PBXFileReference; lastKnownFileType = text.plist.xml; path = Info.plist; sourceTree = "<group>"; };
		5D8DAF02D83F1811205B8613 /* Pods-WorkPlayground-Swift4Tests.release.xcconfig */ = {isa = PBXFileReference; includeInIndex = 1; lastKnownFileType = text.xcconfig; name = "Pods-WorkPlayground-Swift4Tests.release.xcconfig"; path = "Target Support Files/Pods-WorkPlayground-Swift4Tests/Pods-WorkPlayground-Swift4Tests.release.xcconfig"; sourceTree = "<group>"; };
		650EBFC6E0C9A92C9DD86C13 /* Pods_WorkPlayground_Swift4.framework */ = {isa = PBXFileReference; explicitFileType = wrapper.framework; includeInIndex = 0; path = Pods_WorkPlayground_Swift4.framework; sourceTree = BUILT_PRODUCTS_DIR; };
		657AB0A39D0EFB7963B41620 /* Pods-WorkPlayground-Swift4UITests.release.xcconfig */ = {isa = PBXFileReference; includeInIndex = 1; lastKnownFileType = text.xcconfig; name = "Pods-WorkPlayground-Swift4UITests.release.xcconfig"; path = "Target Support Files/Pods-WorkPlayground-Swift4UITests/Pods-WorkPlayground-Swift4UITests.release.xcconfig"; sourceTree = "<group>"; };
		6725BCAFADD5FE5ED859CD7D /* Pods_WorkPlayground_Swift4UITests.framework */ = {isa = PBXFileReference; explicitFileType = wrapper.framework; includeInIndex = 0; path = Pods_WorkPlayground_Swift4UITests.framework; sourceTree = BUILT_PRODUCTS_DIR; };
		71AD59D5AFB0E3AC05ECD5AC /* Pods-WorkPlayground-Swift4.debug.xcconfig */ = {isa = PBXFileReference; includeInIndex = 1; lastKnownFileType = text.xcconfig; name = "Pods-WorkPlayground-Swift4.debug.xcconfig"; path = "Target Support Files/Pods-WorkPlayground-Swift4/Pods-WorkPlayground-Swift4.debug.xcconfig"; sourceTree = "<group>"; };
		7BB4E2FE9E0619B0F1568E8B /* Pods_WorkPlayground_Swift4Tests.framework */ = {isa = PBXFileReference; explicitFileType = wrapper.framework; includeInIndex = 0; path = Pods_WorkPlayground_Swift4Tests.framework; sourceTree = BUILT_PRODUCTS_DIR; };
/* End PBXFileReference section */

/* Begin PBXFrameworksBuildPhase section */
		3CCD2BF822718F98009A2B9E /* Frameworks */ = {
			isa = PBXFrameworksBuildPhase;
			buildActionMask = 2147483647;
			files = (
				FB45B4D8787CCE82B9FFD5C6 /* Pods_WorkPlayground_Swift4.framework in Frameworks */,
			);
			runOnlyForDeploymentPostprocessing = 0;
		};
		3CCD2C0C22718F9A009A2B9E /* Frameworks */ = {
			isa = PBXFrameworksBuildPhase;
			buildActionMask = 2147483647;
			files = (
				5DA7276256BADA439B29F479 /* Pods_WorkPlayground_Swift4Tests.framework in Frameworks */,
			);
			runOnlyForDeploymentPostprocessing = 0;
		};
		3CCD2C1722718F9A009A2B9E /* Frameworks */ = {
			isa = PBXFrameworksBuildPhase;
			buildActionMask = 2147483647;
			files = (
				D75E4791AF749B420AD19237 /* Pods_WorkPlayground_Swift4UITests.framework in Frameworks */,
			);
			runOnlyForDeploymentPostprocessing = 0;
		};
/* End PBXFrameworksBuildPhase section */

/* Begin PBXGroup section */
		3CCD2BF222718F98009A2B9E = {
			isa = PBXGroup;
			children = (
				3CCD2BFD22718F98009A2B9E /* WorkPlayground-Swift4 */,
				3CCD2C1222718F9A009A2B9E /* WorkPlayground-Swift4Tests */,
				3CCD2C1D22718F9A009A2B9E /* WorkPlayground-Swift4UITests */,
				3CCD2BFC22718F98009A2B9E /* Products */,
				FF5DF79C0F2AAC8011389AC6 /* Pods */,
				ED873F5354BFEA45619B8CD2 /* Frameworks */,
			);
			sourceTree = "<group>";
		};
		3CCD2BFC22718F98009A2B9E /* Products */ = {
			isa = PBXGroup;
			children = (
				3CCD2BFB22718F98009A2B9E /* WorkPlayground-Swift4.app */,
				3CCD2C0F22718F9A009A2B9E /* WorkPlayground-Swift4Tests.xctest */,
				3CCD2C1A22718F9A009A2B9E /* WorkPlayground-Swift4UITests.xctest */,
			);
			name = Products;
			sourceTree = "<group>";
		};
		3CCD2BFD22718F98009A2B9E /* WorkPlayground-Swift4 */ = {
			isa = PBXGroup;
			children = (
				3CCD2BFE22718F98009A2B9E /* AppDelegate.swift */,
				3CCD2C0022718F98009A2B9E /* ViewController.swift */,
				3CCD2C0222718F98009A2B9E /* Main.storyboard */,
				3CCD2C0522718F9A009A2B9E /* Assets.xcassets */,
				3CCD2C0722718F9A009A2B9E /* LaunchScreen.storyboard */,
				3CCD2C0A22718F9A009A2B9E /* Info.plist */,
			);
			path = "WorkPlayground-Swift4";
			sourceTree = "<group>";
		};
		3CCD2C1222718F9A009A2B9E /* WorkPlayground-Swift4Tests */ = {
			isa = PBXGroup;
			children = (
				3CCD2C1322718F9A009A2B9E /* WorkPlayground_Swift4Tests.swift */,
				3CCD2C1522718F9A009A2B9E /* Info.plist */,
			);
			path = "WorkPlayground-Swift4Tests";
			sourceTree = "<group>";
		};
		3CCD2C1D22718F9A009A2B9E /* WorkPlayground-Swift4UITests */ = {
			isa = PBXGroup;
			children = (
				3CCD2C1E22718F9A009A2B9E /* WorkPlayground_Swift4UITests.swift */,
				3CCD2C2022718F9A009A2B9E /* Info.plist */,
			);
			path = "WorkPlayground-Swift4UITests";
			sourceTree = "<group>";
		};
		ED873F5354BFEA45619B8CD2 /* Frameworks */ = {
			isa = PBXGroup;
			children = (
				650EBFC6E0C9A92C9DD86C13 /* Pods_WorkPlayground_Swift4.framework */,
				7BB4E2FE9E0619B0F1568E8B /* Pods_WorkPlayground_Swift4Tests.framework */,
				6725BCAFADD5FE5ED859CD7D /* Pods_WorkPlayground_Swift4UITests.framework */,
			);
			name = Frameworks;
			sourceTree = "<group>";
		};
		FF5DF79C0F2AAC8011389AC6 /* Pods */ = {
			isa = PBXGroup;
			children = (
				71AD59D5AFB0E3AC05ECD5AC /* Pods-WorkPlayground-Swift4.debug.xcconfig */,
				361DCD1332D62B141E02E839 /* Pods-WorkPlayground-Swift4.release.xcconfig */,
				212C5A3D0882265CC902B4FD /* Pods-WorkPlayground-Swift4Tests.debug.xcconfig */,
				5D8DAF02D83F1811205B8613 /* Pods-WorkPlayground-Swift4Tests.release.xcconfig */,
				3C037395C3D49F94F944C407 /* Pods-WorkPlayground-Swift4UITests.debug.xcconfig */,
				657AB0A39D0EFB7963B41620 /* Pods-WorkPlayground-Swift4UITests.release.xcconfig */,
			);
			name = Pods;
			path = Pods;
			sourceTree = "<group>";
		};
/* End PBXGroup section */

/* Begin PBXNativeTarget section */
		3CCD2BFA22718F98009A2B9E /* WorkPlayground-Swift4 */ = {
			isa = PBXNativeTarget;
			buildConfigurationList = 3CCD2C2322718F9A009A2B9E /* Build configuration list for PBXNativeTarget "WorkPlayground-Swift4" */;
			buildPhases = (
				69AF201B6CBD139DA848F06A /* [CP] Check Pods Manifest.lock */,
				3CCD2BF722718F98009A2B9E /* Sources */,
				3CCD2BF822718F98009A2B9E /* Frameworks */,
				3CCD2BF922718F98009A2B9E /* Resources */,
				01D80A72033DF2B1E097FE63 /* [CP] Embed Pods Frameworks */,
			);
			buildRules = (
			);
			dependencies = (
			);
			name = "WorkPlayground-Swift4";
			productName = "WorkPlayground-Swift4";
			productReference = 3CCD2BFB22718F98009A2B9E /* WorkPlayground-Swift4.app */;
			productType = "com.apple.product-type.application";
		};
		3CCD2C0E22718F9A009A2B9E /* WorkPlayground-Swift4Tests */ = {
			isa = PBXNativeTarget;
			buildConfigurationList = 3CCD2C2622718F9A009A2B9E /* Build configuration list for PBXNativeTarget "WorkPlayground-Swift4Tests" */;
			buildPhases = (
				0FD8B54308BB1E1E31AD9D72 /* [CP] Check Pods Manifest.lock */,
				3CCD2C0B22718F9A009A2B9E /* Sources */,
				3CCD2C0C22718F9A009A2B9E /* Frameworks */,
				3CCD2C0D22718F9A009A2B9E /* Resources */,
			);
			buildRules = (
			);
			dependencies = (
				3CCD2C1122718F9A009A2B9E /* PBXTargetDependency */,
			);
			name = "WorkPlayground-Swift4Tests";
			productName = "WorkPlayground-Swift4Tests";
			productReference = 3CCD2C0F22718F9A009A2B9E /* WorkPlayground-Swift4Tests.xctest */;
			productType = "com.apple.product-type.bundle.unit-test";
		};
		3CCD2C1922718F9A009A2B9E /* WorkPlayground-Swift4UITests */ = {
			isa = PBXNativeTarget;
			buildConfigurationList = 3CCD2C2922718F9A009A2B9E /* Build configuration list for PBXNativeTarget "WorkPlayground-Swift4UITests" */;
			buildPhases = (
				79FCBB2013F699A13A1F49B5 /* [CP] Check Pods Manifest.lock */,
				3CCD2C1622718F9A009A2B9E /* Sources */,
				3CCD2C1722718F9A009A2B9E /* Frameworks */,
				3CCD2C1822718F9A009A2B9E /* Resources */,
			);
			buildRules = (
			);
			dependencies = (
				3CCD2C1C22718F9A009A2B9E /* PBXTargetDependency */,
			);
			name = "WorkPlayground-Swift4UITests";
			productName = "WorkPlayground-Swift4UITests";
			productReference = 3CCD2C1A22718F9A009A2B9E /* WorkPlayground-Swift4UITests.xctest */;
			productType = "com.apple.product-type.bundle.ui-testing";
		};
/* End PBXNativeTarget section */

/* Begin PBXProject section */
		3CCD2BF322718F98009A2B9E /* Project object */ = {
			isa = PBXProject;
			attributes = {
				LastSwiftUpdateCheck = 1010;
				LastUpgradeCheck = 1010;
				ORGANIZATIONNAME = Nakama;
				TargetAttributes = {
					3CCD2BFA22718F98009A2B9E = {
						CreatedOnToolsVersion = 10.1;
					};
					3CCD2C0E22718F9A009A2B9E = {
						CreatedOnToolsVersion = 10.1;
						TestTargetID = 3CCD2BFA22718F98009A2B9E;
					};
					3CCD2C1922718F9A009A2B9E = {
						CreatedOnToolsVersion = 10.1;
						TestTargetID = 3CCD2BFA22718F98009A2B9E;
					};
				};
			};
			buildConfigurationList = 3CCD2BF622718F98009A2B9E /* Build configuration list for PBXProject "WorkPlayground-Swift4" */;
			compatibilityVersion = "Xcode 9.3";
			developmentRegion = en;
			hasScannedForEncodings = 0;
			knownRegions = (
				en,
				Base,
			);
			mainGroup = 3CCD2BF222718F98009A2B9E;
			productRefGroup = 3CCD2BFC22718F98009A2B9E /* Products */;
			projectDirPath = "";
			projectRoot = "";
			targets = (
				3CCD2BFA22718F98009A2B9E /* WorkPlayground-Swift4 */,
				3CCD2C0E22718F9A009A2B9E /* WorkPlayground-Swift4Tests */,
				3CCD2C1922718F9A009A2B9E /* WorkPlayground-Swift4UITests */,
			);
		};
/* End PBXProject section */

/* Begin PBXResourcesBuildPhase section */
		3CCD2BF922718F98009A2B9E /* Resources */ = {
			isa = PBXResourcesBuildPhase;
			buildActionMask = 2147483647;
			files = (
				3CCD2C0922718F9A009A2B9E /* LaunchScreen.storyboard in Resources */,
				3CCD2C0622718F9A009A2B9E /* Assets.xcassets in Resources */,
				3CCD2C0422718F98009A2B9E /* Main.storyboard in Resources */,
			);
			runOnlyForDeploymentPostprocessing = 0;
		};
		3CCD2C0D22718F9A009A2B9E /* Resources */ = {
			isa = PBXResourcesBuildPhase;
			buildActionMask = 2147483647;
			files = (
			);
			runOnlyForDeploymentPostprocessing = 0;
		};
		3CCD2C1822718F9A009A2B9E /* Resources */ = {
			isa = PBXResourcesBuildPhase;
			buildActionMask = 2147483647;
			files = (
			);
			runOnlyForDeploymentPostprocessing = 0;
		};
/* End PBXResourcesBuildPhase section */

/* Begin PBXShellScriptBuildPhase section */
		01D80A72033DF2B1E097FE63 /* [CP] Embed Pods Frameworks */ = {
			isa = PBXShellScriptBuildPhase;
			buildActionMask = 2147483647;
			files = (
			);
			inputFileListPaths = (
			);
			inputPaths = (
				"${PODS_ROOT}/Target Support Files/Pods-WorkPlayground-Swift4/Pods-WorkPlayground-Swift4-frameworks.sh",
				"${BUILT_PRODUCTS_DIR}/IGListKit/IGListKit.framework",
				"${BUILT_PRODUCTS_DIR}/SnapKit/SnapKit.framework",
			);
			name = "[CP] Embed Pods Frameworks";
			outputFileListPaths = (
			);
			outputPaths = (
				"${TARGET_BUILD_DIR}/${FRAMEWORKS_FOLDER_PATH}/IGListKit.framework",
				"${TARGET_BUILD_DIR}/${FRAMEWORKS_FOLDER_PATH}/SnapKit.framework",
			);
			runOnlyForDeploymentPostprocessing = 0;
			shellPath = /bin/sh;
			shellScript = "\"${PODS_ROOT}/Target Support Files/Pods-WorkPlayground-Swift4/Pods-WorkPlayground-Swift4-frameworks.sh\"\n";
			showEnvVarsInLog = 0;
		};
		0FD8B54308BB1E1E31AD9D72 /* [CP] Check Pods Manifest.lock */ = {
			isa = PBXShellScriptBuildPhase;
			buildActionMask = 2147483647;
			files = (
			);
			inputFileListPaths = (
			);
			inputPaths = (
				"${PODS_PODFILE_DIR_PATH}/Podfile.lock",
				"${PODS_ROOT}/Manifest.lock",
			);
			name = "[CP] Check Pods Manifest.lock";
			outputFileListPaths = (
			);
			outputPaths = (
				"$(DERIVED_FILE_DIR)/Pods-WorkPlayground-Swift4Tests-checkManifestLockResult.txt",
			);
			runOnlyForDeploymentPostprocessing = 0;
			shellPath = /bin/sh;
			shellScript = "diff \"${PODS_PODFILE_DIR_PATH}/Podfile.lock\" \"${PODS_ROOT}/Manifest.lock\" > /dev/null\nif [ $? != 0 ] ; then\n    # print error to STDERR\n    echo \"error: The sandbox is not in sync with the Podfile.lock. Run 'pod install' or update your CocoaPods installation.\" >&2\n    exit 1\nfi\n# This output is used by Xcode 'outputs' to avoid re-running this script phase.\necho \"SUCCESS\" > \"${SCRIPT_OUTPUT_FILE_0}\"\n";
			showEnvVarsInLog = 0;
		};
		69AF201B6CBD139DA848F06A /* [CP] Check Pods Manifest.lock */ = {
			isa = PBXShellScriptBuildPhase;
			buildActionMask = 2147483647;
			files = (
			);
			inputFileListPaths = (
			);
			inputPaths = (
				"${PODS_PODFILE_DIR_PATH}/Podfile.lock",
				"${PODS_ROOT}/Manifest.lock",
			);
			name = "[CP] Check Pods Manifest.lock";
			outputFileListPaths = (
			);
			outputPaths = (
				"$(DERIVED_FILE_DIR)/Pods-WorkPlayground-Swift4-checkManifestLockResult.txt",
			);
			runOnlyForDeploymentPostprocessing = 0;
			shellPath = /bin/sh;
			shellScript = "diff \"${PODS_PODFILE_DIR_PATH}/Podfile.lock\" \"${PODS_ROOT}/Manifest.lock\" > /dev/null\nif [ $? != 0 ] ; then\n    # print error to STDERR\n    echo \"error: The sandbox is not in sync with the Podfile.lock. Run 'pod install' or update your CocoaPods installation.\" >&2\n    exit 1\nfi\n# This output is used by Xcode 'outputs' to avoid re-running this script phase.\necho \"SUCCESS\" > \"${SCRIPT_OUTPUT_FILE_0}\"\n";
			showEnvVarsInLog = 0;
		};
		79FCBB2013F699A13A1F49B5 /* [CP] Check Pods Manifest.lock */ = {
			isa = PBXShellScriptBuildPhase;
			buildActionMask = 2147483647;
			files = (
			);
			inputFileListPaths = (
			);
			inputPaths = (
				"${PODS_PODFILE_DIR_PATH}/Podfile.lock",
				"${PODS_ROOT}/Manifest.lock",
			);
			name = "[CP] Check Pods Manifest.lock";
			outputFileListPaths = (
			);
			outputPaths = (
				"$(DERIVED_FILE_DIR)/Pods-WorkPlayground-Swift4UITests-checkManifestLockResult.txt",
			);
			runOnlyForDeploymentPostprocessing = 0;
			shellPath = /bin/sh;
			shellScript = "diff \"${PODS_PODFILE_DIR_PATH}/Podfile.lock\" \"${PODS_ROOT}/Manifest.lock\" > /dev/null\nif [ $? != 0 ] ; then\n    # print error to STDERR\n    echo \"error: The sandbox is not in sync with the Podfile.lock. Run 'pod install' or update your CocoaPods installation.\" >&2\n    exit 1\nfi\n# This output is used by Xcode 'outputs' to avoid re-running this script phase.\necho \"SUCCESS\" > \"${SCRIPT_OUTPUT_FILE_0}\"\n";
			showEnvVarsInLog = 0;
		};
/* End PBXShellScriptBuildPhase section */

/* Begin PBXSourcesBuildPhase section */
		3CCD2BF722718F98009A2B9E /* Sources */ = {
			isa = PBXSourcesBuildPhase;
			buildActionMask = 2147483647;
			files = (
				3CCD2C0122718F98009A2B9E /* ViewController.swift in Sources */,
				3CCD2BFF22718F98009A2B9E /* AppDelegate.swift in Sources */,
			);
			runOnlyForDeploymentPostprocessing = 0;
		};
		3CCD2C0B22718F9A009A2B9E /* Sources */ = {
			isa = PBXSourcesBuildPhase;
			buildActionMask = 2147483647;
			files = (
				3CCD2C1422718F9A009A2B9E /* WorkPlayground_Swift4Tests.swift in Sources */,
			);
			runOnlyForDeploymentPostprocessing = 0;
		};
		3CCD2C1622718F9A009A2B9E /* Sources */ = {
			isa = PBXSourcesBuildPhase;
			buildActionMask = 2147483647;
			files = (
				3CCD2C1F22718F9A009A2B9E /* WorkPlayground_Swift4UITests.swift in Sources */,
			);
			runOnlyForDeploymentPostprocessing = 0;
		};
/* End PBXSourcesBuildPhase section */

/* Begin PBXTargetDependency section */
		3CCD2C1122718F9A009A2B9E /* PBXTargetDependency */ = {
			isa = PBXTargetDependency;
			target = 3CCD2BFA22718F98009A2B9E /* WorkPlayground-Swift4 */;
			targetProxy = 3CCD2C1022718F9A009A2B9E /* PBXContainerItemProxy */;
		};
		3CCD2C1C22718F9A009A2B9E /* PBXTargetDependency */ = {
			isa = PBXTargetDependency;
			target = 3CCD2BFA22718F98009A2B9E /* WorkPlayground-Swift4 */;
			targetProxy = 3CCD2C1B22718F9A009A2B9E /* PBXContainerItemProxy */;
		};
/* End PBXTargetDependency section */

/* Begin PBXVariantGroup section */
		3CCD2C0222718F98009A2B9E /* Main.storyboard */ = {
			isa = PBXVariantGroup;
			children = (
				3CCD2C0322718F98009A2B9E /* Base */,
			);
			name = Main.storyboard;
			sourceTree = "<group>";
		};
		3CCD2C0722718F9A009A2B9E /* LaunchScreen.storyboard */ = {
			isa = PBXVariantGroup;
			children = (
				3CCD2C0822718F9A009A2B9E /* Base */,
			);
			name = LaunchScreen.storyboard;
			sourceTree = "<group>";
		};
/* End PBXVariantGroup section */

/* Begin XCBuildConfiguration section */
		3CCD2C2122718F9A009A2B9E /* Debug */ = {
			isa = XCBuildConfiguration;
			buildSettings = {
				ALWAYS_SEARCH_USER_PATHS = NO;
				CLANG_ANALYZER_NONNULL = YES;
				CLANG_ANALYZER_NUMBER_OBJECT_CONVERSION = YES_AGGRESSIVE;
				CLANG_CXX_LANGUAGE_STANDARD = "gnu++14";
				CLANG_CXX_LIBRARY = "libc++";
				CLANG_ENABLE_MODULES = YES;
				CLANG_ENABLE_OBJC_ARC = YES;
				CLANG_ENABLE_OBJC_WEAK = YES;
				CLANG_WARN_BLOCK_CAPTURE_AUTORELEASING = YES;
				CLANG_WARN_BOOL_CONVERSION = YES;
				CLANG_WARN_COMMA = YES;
				CLANG_WARN_CONSTANT_CONVERSION = YES;
				CLANG_WARN_DEPRECATED_OBJC_IMPLEMENTATIONS = YES;
				CLANG_WARN_DIRECT_OBJC_ISA_USAGE = YES_ERROR;
				CLANG_WARN_DOCUMENTATION_COMMENTS = YES;
				CLANG_WARN_EMPTY_BODY = YES;
				CLANG_WARN_ENUM_CONVERSION = YES;
				CLANG_WARN_INFINITE_RECURSION = YES;
				CLANG_WARN_INT_CONVERSION = YES;
				CLANG_WARN_NON_LITERAL_NULL_CONVERSION = YES;
				CLANG_WARN_OBJC_IMPLICIT_RETAIN_SELF = YES;
				CLANG_WARN_OBJC_LITERAL_CONVERSION = YES;
				CLANG_WARN_OBJC_ROOT_CLASS = YES_ERROR;
				CLANG_WARN_RANGE_LOOP_ANALYSIS = YES;
				CLANG_WARN_STRICT_PROTOTYPES = YES;
				CLANG_WARN_SUSPICIOUS_MOVE = YES;
				CLANG_WARN_UNGUARDED_AVAILABILITY = YES_AGGRESSIVE;
				CLANG_WARN_UNREACHABLE_CODE = YES;
				CLANG_WARN__DUPLICATE_METHOD_MATCH = YES;
				CODE_SIGN_IDENTITY = "iPhone Developer";
				COPY_PHASE_STRIP = NO;
				DEBUG_INFORMATION_FORMAT = dwarf;
				ENABLE_STRICT_OBJC_MSGSEND = YES;
				ENABLE_TESTABILITY = YES;
				GCC_C_LANGUAGE_STANDARD = gnu11;
				GCC_DYNAMIC_NO_PIC = NO;
				GCC_NO_COMMON_BLOCKS = YES;
				GCC_OPTIMIZATION_LEVEL = 0;
				GCC_PREPROCESSOR_DEFINITIONS = (
					"DEBUG=1",
					"$(inherited)",
				);
				GCC_WARN_64_TO_32_BIT_CONVERSION = YES;
				GCC_WARN_ABOUT_RETURN_TYPE = YES_ERROR;
				GCC_WARN_UNDECLARED_SELECTOR = YES;
				GCC_WARN_UNINITIALIZED_AUTOS = YES_AGGRESSIVE;
				GCC_WARN_UNUSED_FUNCTION = YES;
				GCC_WARN_UNUSED_VARIABLE = YES;
				IPHONEOS_DEPLOYMENT_TARGET = 12.1;
				MTL_ENABLE_DEBUG_INFO = INCLUDE_SOURCE;
				MTL_FAST_MATH = YES;
				ONLY_ACTIVE_ARCH = YES;
				SDKROOT = iphoneos;
				SWIFT_ACTIVE_COMPILATION_CONDITIONS = DEBUG;
				SWIFT_OPTIMIZATION_LEVEL = "-Onone";
			};
			name = Debug;
		};
		3CCD2C2222718F9A009A2B9E /* Release */ = {
			isa = XCBuildConfiguration;
			buildSettings = {
				ALWAYS_SEARCH_USER_PATHS = NO;
				CLANG_ANALYZER_NONNULL = YES;
				CLANG_ANALYZER_NUMBER_OBJECT_CONVERSION = YES_AGGRESSIVE;
				CLANG_CXX_LANGUAGE_STANDARD = "gnu++14";
				CLANG_CXX_LIBRARY = "libc++";
				CLANG_ENABLE_MODULES = YES;
				CLANG_ENABLE_OBJC_ARC = YES;
				CLANG_ENABLE_OBJC_WEAK = YES;
				CLANG_WARN_BLOCK_CAPTURE_AUTORELEASING = YES;
				CLANG_WARN_BOOL_CONVERSION = YES;
				CLANG_WARN_COMMA = YES;
				CLANG_WARN_CONSTANT_CONVERSION = YES;
				CLANG_WARN_DEPRECATED_OBJC_IMPLEMENTATIONS = YES;
				CLANG_WARN_DIRECT_OBJC_ISA_USAGE = YES_ERROR;
				CLANG_WARN_DOCUMENTATION_COMMENTS = YES;
				CLANG_WARN_EMPTY_BODY = YES;
				CLANG_WARN_ENUM_CONVERSION = YES;
				CLANG_WARN_INFINITE_RECURSION = YES;
				CLANG_WARN_INT_CONVERSION = YES;
				CLANG_WARN_NON_LITERAL_NULL_CONVERSION = YES;
				CLANG_WARN_OBJC_IMPLICIT_RETAIN_SELF = YES;
				CLANG_WARN_OBJC_LITERAL_CONVERSION = YES;
				CLANG_WARN_OBJC_ROOT_CLASS = YES_ERROR;
				CLANG_WARN_RANGE_LOOP_ANALYSIS = YES;
				CLANG_WARN_STRICT_PROTOTYPES = YES;
				CLANG_WARN_SUSPICIOUS_MOVE = YES;
				CLANG_WARN_UNGUARDED_AVAILABILITY = YES_AGGRESSIVE;
				CLANG_WARN_UNREACHABLE_CODE = YES;
				CLANG_WARN__DUPLICATE_METHOD_MATCH = YES;
				CODE_SIGN_IDENTITY = "iPhone Developer";
				COPY_PHASE_STRIP = NO;
				DEBUG_INFORMATION_FORMAT = "dwarf-with-dsym";
				ENABLE_NS_ASSERTIONS = NO;
				ENABLE_STRICT_OBJC_MSGSEND = YES;
				GCC_C_LANGUAGE_STANDARD = gnu11;
				GCC_NO_COMMON_BLOCKS = YES;
				GCC_WARN_64_TO_32_BIT_CONVERSION = YES;
				GCC_WARN_ABOUT_RETURN_TYPE = YES_ERROR;
				GCC_WARN_UNDECLARED_SELECTOR = YES;
				GCC_WARN_UNINITIALIZED_AUTOS = YES_AGGRESSIVE;
				GCC_WARN_UNUSED_FUNCTION = YES;
				GCC_WARN_UNUSED_VARIABLE = YES;
				IPHONEOS_DEPLOYMENT_TARGET = 12.1;
				MTL_ENABLE_DEBUG_INFO = NO;
				MTL_FAST_MATH = YES;
				SDKROOT = iphoneos;
				SWIFT_COMPILATION_MODE = wholemodule;
				SWIFT_OPTIMIZATION_LEVEL = "-O";
				VALIDATE_PRODUCT = YES;
			};
			name = Release;
		};
		3CCD2C2422718F9A009A2B9E /* Debug */ = {
			isa = XCBuildConfiguration;
			baseConfigurationReference = 71AD59D5AFB0E3AC05ECD5AC /* Pods-WorkPlayground-Swift4.debug.xcconfig */;
			buildSettings = {
				ASSETCATALOG_COMPILER_APPICON_NAME = AppIcon;
				CODE_SIGN_STYLE = Automatic;
				DEVELOPMENT_TEAM = N55A3MSD3W;
				INFOPLIST_FILE = "WorkPlayground-Swift4/Info.plist";
				LD_RUNPATH_SEARCH_PATHS = (
					"$(inherited)",
					"@executable_path/Frameworks",
				);
				PRODUCT_BUNDLE_IDENTIFIER = "yoshua-elmaryono-toped.WorkPlayground-Swift4";
				PRODUCT_NAME = "$(TARGET_NAME)";
				SWIFT_VERSION = 4.2;
				TARGETED_DEVICE_FAMILY = "1,2";
			};
			name = Debug;
		};
		3CCD2C2522718F9A009A2B9E /* Release */ = {
			isa = XCBuildConfiguration;
			baseConfigurationReference = 361DCD1332D62B141E02E839 /* Pods-WorkPlayground-Swift4.release.xcconfig */;
			buildSettings = {
				ASSETCATALOG_COMPILER_APPICON_NAME = AppIcon;
				CODE_SIGN_STYLE = Automatic;
				DEVELOPMENT_TEAM = N55A3MSD3W;
				INFOPLIST_FILE = "WorkPlayground-Swift4/Info.plist";
				LD_RUNPATH_SEARCH_PATHS = (
					"$(inherited)",
					"@executable_path/Frameworks",
				);
				PRODUCT_BUNDLE_IDENTIFIER = "yoshua-elmaryono-toped.WorkPlayground-Swift4";
				PRODUCT_NAME = "$(TARGET_NAME)";
				SWIFT_VERSION = 4.2;
				TARGETED_DEVICE_FAMILY = "1,2";
			};
			name = Release;
		};
		3CCD2C2722718F9A009A2B9E /* Debug */ = {
			isa = XCBuildConfiguration;
			baseConfigurationReference = 212C5A3D0882265CC902B4FD /* Pods-WorkPlayground-Swift4Tests.debug.xcconfig */;
			buildSettings = {
				ALWAYS_EMBED_SWIFT_STANDARD_LIBRARIES = YES;
				BUNDLE_LOADER = "$(TEST_HOST)";
				CODE_SIGN_STYLE = Automatic;
				DEVELOPMENT_TEAM = N55A3MSD3W;
				INFOPLIST_FILE = "WorkPlayground-Swift4Tests/Info.plist";
				LD_RUNPATH_SEARCH_PATHS = (
					"$(inherited)",
					"@executable_path/Frameworks",
					"@loader_path/Frameworks",
				);
				PRODUCT_BUNDLE_IDENTIFIER = "yoshua-elmaryono-toped.WorkPlayground-Swift4Tests";
				PRODUCT_NAME = "$(TARGET_NAME)";
				SWIFT_VERSION = 4.2;
				TARGETED_DEVICE_FAMILY = "1,2";
				TEST_HOST = "$(BUILT_PRODUCTS_DIR)/WorkPlayground-Swift4.app/WorkPlayground-Swift4";
			};
			name = Debug;
		};
		3CCD2C2822718F9A009A2B9E /* Release */ = {
			isa = XCBuildConfiguration;
			baseConfigurationReference = 5D8DAF02D83F1811205B8613 /* Pods-WorkPlayground-Swift4Tests.release.xcconfig */;
			buildSettings = {
				ALWAYS_EMBED_SWIFT_STANDARD_LIBRARIES = YES;
				BUNDLE_LOADER = "$(TEST_HOST)";
				CODE_SIGN_STYLE = Automatic;
				DEVELOPMENT_TEAM = N55A3MSD3W;
				INFOPLIST_FILE = "WorkPlayground-Swift4Tests/Info.plist";
				LD_RUNPATH_SEARCH_PATHS = (
					"$(inherited)",
					"@executable_path/Frameworks",
					"@loader_path/Frameworks",
				);
				PRODUCT_BUNDLE_IDENTIFIER = "yoshua-elmaryono-toped.WorkPlayground-Swift4Tests";
				PRODUCT_NAME = "$(TARGET_NAME)";
				SWIFT_VERSION = 4.2;
				TARGETED_DEVICE_FAMILY = "1,2";
				TEST_HOST = "$(BUILT_PRODUCTS_DIR)/WorkPlayground-Swift4.app/WorkPlayground-Swift4";
			};
			name = Release;
		};
		3CCD2C2A22718F9A009A2B9E /* Debug */ = {
			isa = XCBuildConfiguration;
			baseConfigurationReference = 3C037395C3D49F94F944C407 /* Pods-WorkPlayground-Swift4UITests.debug.xcconfig */;
			buildSettings = {
				ALWAYS_EMBED_SWIFT_STANDARD_LIBRARIES = YES;
				CODE_SIGN_STYLE = Automatic;
				DEVELOPMENT_TEAM = N55A3MSD3W;
				INFOPLIST_FILE = "WorkPlayground-Swift4UITests/Info.plist";
				LD_RUNPATH_SEARCH_PATHS = (
					"$(inherited)",
					"@executable_path/Frameworks",
					"@loader_path/Frameworks",
				);
				PRODUCT_BUNDLE_IDENTIFIER = "yoshua-elmaryono-toped.WorkPlayground-Swift4UITests";
				PRODUCT_NAME = "$(TARGET_NAME)";
				SWIFT_VERSION = 4.2;
				TARGETED_DEVICE_FAMILY = "1,2";
				TEST_TARGET_NAME = "WorkPlayground-Swift4";
			};
			name = Debug;
		};
		3CCD2C2B22718F9A009A2B9E /* Release */ = {
			isa = XCBuildConfiguration;
			baseConfigurationReference = 657AB0A39D0EFB7963B41620 /* Pods-WorkPlayground-Swift4UITests.release.xcconfig */;
			buildSettings = {
				ALWAYS_EMBED_SWIFT_STANDARD_LIBRARIES = YES;
				CODE_SIGN_STYLE = Automatic;
				DEVELOPMENT_TEAM = N55A3MSD3W;
				INFOPLIST_FILE = "WorkPlayground-Swift4UITests/Info.plist";
				LD_RUNPATH_SEARCH_PATHS = (
					"$(inherited)",
					"@executable_path/Frameworks",
					"@loader_path/Frameworks",
				);
				PRODUCT_BUNDLE_IDENTIFIER = "yoshua-elmaryono-toped.WorkPlayground-Swift4UITests";
				PRODUCT_NAME = "$(TARGET_NAME)";
				SWIFT_VERSION = 4.2;
				TARGETED_DEVICE_FAMILY = "1,2";
				TEST_TARGET_NAME = "WorkPlayground-Swift4";
			};
			name = Release;
		};
/* End XCBuildConfiguration section */

/* Begin XCConfigurationList section */
		3CCD2BF622718F98009A2B9E /* Build configuration list for PBXProject "WorkPlayground-Swift4" */ = {
			isa = XCConfigurationList;
			buildConfigurations = (
				3CCD2C2122718F9A009A2B9E /* Debug */,
				3CCD2C2222718F9A009A2B9E /* Release */,
			);
			defaultConfigurationIsVisible = 0;
			defaultConfigurationName = Release;
		};
		3CCD2C2322718F9A009A2B9E /* Build configuration list for PBXNativeTarget "WorkPlayground-Swift4" */ = {
			isa = XCConfigurationList;
			buildConfigurations = (
				3CCD2C2422718F9A009A2B9E /* Debug */,
				3CCD2C2522718F9A009A2B9E /* Release */,
			);
			defaultConfigurationIsVisible = 0;
			defaultConfigurationName = Release;
		};
		3CCD2C2622718F9A009A2B9E /* Build configuration list for PBXNativeTarget "WorkPlayground-Swift4Tests" */ = {
			isa = XCConfigurationList;
			buildConfigurations = (
				3CCD2C2722718F9A009A2B9E /* Debug */,
				3CCD2C2822718F9A009A2B9E /* Release */,
			);
			defaultConfigurationIsVisible = 0;
			defaultConfigurationName = Release;
		};
		3CCD2C2922718F9A009A2B9E /* Build configuration list for PBXNativeTarget "WorkPlayground-Swift4UITests" */ = {
			isa = XCConfigurationList;
			buildConfigurations = (
				3CCD2C2A22718F9A009A2B9E /* Debug */,
				3CCD2C2B22718F9A009A2B9E /* Release */,
			);
			defaultConfigurationIsVisible = 0;
			defaultConfigurationName = Release;
		};
/* End XCConfigurationList section */
	};
	rootObject = 3CCD2BF322718F98009A2B9E /* Project object */;
}
